
Microsoft Visual Studio Solution File, Format Version 12.00
# Visual Studio 14
VisualStudioVersion = 14.0.24720.0
MinimumVisualStudioVersion = 10.0.40219.1
Project("{D954291E-2A0B-460D-934E-DC6B0785DB48}") = "XamarinEx", "XamarinEx\XamarinEx\XamarinEx.shproj", "{CE36A49C-4167-4947-8B06-122E6AF3D2CB}"
EndProject
Project("{FAE04EC0-301F-11D3-BF4B-00C04F79EFBC}") = "XamarinEx.Droid", "XamarinEx\XamarinEx.Droid\XamarinEx.Droid.csproj", "{04E3E647-0BC7-4CC9-9CA1-79A884408F52}"
EndProject
Project("{FAE04EC0-301F-11D3-BF4B-00C04F79EFBC}") = "XamarinEx.iOS", "XamarinEx\XamarinEx.iOS\XamarinEx.iOS.csproj", "{87038CAC-AA01-43B1-8460-4CEB890FD388}"
EndProject
Project("{FAE04EC0-301F-11D3-BF4B-00C04F79EFBC}") = "XamarinEx.WinPhone", "XamarinEx\XamarinEx.WinPhone\XamarinEx.WinPhone.csproj", "{2C04CE09-0ED4-4C35-8506-AE721208A62C}"
EndProject
Project("{FAE04EC0-301F-11D3-BF4B-00C04F79EFBC}") = "XamarinEx.Windows", "XamarinEx\XamarinEx.Windows\XamarinEx.Windows.csproj", "{43325ACE-63B4-42CA-9E79-FFB84FFDDAAD}"
EndProject
Global
	GlobalSection(SharedMSBuildProjectFiles) = preSolution
		XamarinEx\XamarinEx\XamarinEx.projitems*{ce36a49c-4167-4947-8b06-122e6af3d2cb}*SharedItemsImports = 13
		XamarinEx\XamarinEx\XamarinEx.projitems*{87038cac-aa01-43b1-8460-4ceb890fd388}*SharedItemsImports = 4
		XamarinEx\XamarinEx\XamarinEx.projitems*{04e3e647-0bc7-4cc9-9ca1-79a884408f52}*SharedItemsImports = 4
	EndGlobalSection
	GlobalSection(SolutionConfigurationPlatforms) = preSolution
		Ad-Hoc|Any CPU = Ad-Hoc|Any CPU
		Ad-Hoc|ARM = Ad-Hoc|ARM
		Ad-Hoc|iPhone = Ad-Hoc|iPhone
		Ad-Hoc|iPhoneSimulator = Ad-Hoc|iPhoneSimulator
		Ad-Hoc|x64 = Ad-Hoc|x64
		Ad-Hoc|x86 = Ad-Hoc|x86
		AppStore|Any CPU = AppStore|Any CPU
		AppStore|ARM = AppStore|ARM
		AppStore|iPhone = AppStore|iPhone
		AppStore|iPhoneSimulator = AppStore|iPhoneSimulator
		AppStore|x64 = AppStore|x64
		AppStore|x86 = AppStore|x86
		Debug|Any CPU = Debug|Any CPU
		Debug|ARM = Debug|ARM
		Debug|iPhone = Debug|iPhone
		Debug|iPhoneSimulator = Debug|iPhoneSimulator
		Debug|x64 = Debug|x64
		Debug|x86 = Debug|x86
		Release|Any CPU = Release|Any CPU
		Release|ARM = Release|ARM
		Release|iPhone = Release|iPhone
		Release|iPhoneSimulator = Release|iPhoneSimulator
		Release|x64 = Release|x64
		Release|x86 = Release|x86
	EndGlobalSection
	GlobalSection(ProjectConfigurationPlatforms) = postSolution
		{04E3E647-0BC7-4CC9-9CA1-79A884408F52}.Ad-Hoc|Any CPU.ActiveCfg = Release|Any CPU
		{04E3E647-0BC7-4CC9-9CA1-79A884408F52}.Ad-Hoc|Any CPU.Build.0 = Release|Any CPU
		{04E3E647-0BC7-4CC9-9CA1-79A884408F52}.Ad-Hoc|Any CPU.Deploy.0 = Release|Any CPU
		{04E3E647-0BC7-4CC9-9CA1-79A884408F52}.Ad-Hoc|ARM.ActiveCfg = Release|Any CPU
		{04E3E647-0BC7-4CC9-9CA1-79A884408F52}.Ad-Hoc|ARM.Build.0 = Release|Any CPU
		{04E3E647-0BC7-4CC9-9CA1-79A884408F52}.Ad-Hoc|ARM.Deploy.0 = Release|Any CPU
		{04E3E647-0BC7-4CC9-9CA1-79A884408F52}.Ad-Hoc|iPhone.ActiveCfg = Release|Any CPU
		{04E3E647-0BC7-4CC9-9CA1-79A884408F52}.Ad-Hoc|iPhone.Build.0 = Release|Any CPU
		{04E3E647-0BC7-4CC9-9CA1-79A884408F52}.Ad-Hoc|iPhone.Deploy.0 = Release|Any CPU
		{04E3E647-0BC7-4CC9-9CA1-79A884408F52}.Ad-Hoc|iPhoneSimulator.ActiveCfg = Release|Any CPU
		{04E3E647-0BC7-4CC9-9CA1-79A884408F52}.Ad-Hoc|iPhoneSimulator.Build.0 = Release|Any CPU
		{04E3E647-0BC7-4CC9-9CA1-79A884408F52}.Ad-Hoc|iPhoneSimulator.Deploy.0 = Release|Any CPU
		{04E3E647-0BC7-4CC9-9CA1-79A884408F52}.Ad-Hoc|x64.ActiveCfg = Release|Any CPU
		{04E3E647-0BC7-4CC9-9CA1-79A884408F52}.Ad-Hoc|x64.Build.0 = Release|Any CPU
		{04E3E647-0BC7-4CC9-9CA1-79A884408F52}.Ad-Hoc|x64.Deploy.0 = Release|Any CPU
		{04E3E647-0BC7-4CC9-9CA1-79A884408F52}.Ad-Hoc|x86.ActiveCfg = Release|Any CPU
		{04E3E647-0BC7-4CC9-9CA1-79A884408F52}.Ad-Hoc|x86.Build.0 = Release|Any CPU
		{04E3E647-0BC7-4CC9-9CA1-79A884408F52}.Ad-Hoc|x86.Deploy.0 = Release|Any CPU
		{04E3E647-0BC7-4CC9-9CA1-79A884408F52}.AppStore|Any CPU.ActiveCfg = Release|Any CPU
		{04E3E647-0BC7-4CC9-9CA1-79A884408F52}.AppStore|Any CPU.Build.0 = Release|Any CPU
		{04E3E647-0BC7-4CC9-9CA1-79A884408F52}.AppStore|Any CPU.Deploy.0 = Release|Any CPU
		{04E3E647-0BC7-4CC9-9CA1-79A884408F52}.AppStore|ARM.ActiveCfg = Release|Any CPU
		{04E3E647-0BC7-4CC9-9CA1-79A884408F52}.AppStore|ARM.Build.0 = Release|Any CPU
		{04E3E647-0BC7-4CC9-9CA1-79A884408F52}.AppStore|ARM.Deploy.0 = Release|Any CPU
		{04E3E647-0BC7-4CC9-9CA1-79A884408F52}.AppStore|iPhone.ActiveCfg = Release|Any CPU
		{04E3E647-0BC7-4CC9-9CA1-79A884408F52}.AppStore|iPhone.Build.0 = Release|Any CPU
		{04E3E647-0BC7-4CC9-9CA1-79A884408F52}.AppStore|iPhone.Deploy.0 = Release|Any CPU
		{04E3E647-0BC7-4CC9-9CA1-79A884408F52}.AppStore|iPhoneSimulator.ActiveCfg = Release|Any CPU
		{04E3E647-0BC7-4CC9-9CA1-79A884408F52}.AppStore|iPhoneSimulator.Build.0 = Release|Any CPU
		{04E3E647-0BC7-4CC9-9CA1-79A884408F52}.AppStore|iPhoneSimulator.Deploy.0 = Release|Any CPU
		{04E3E647-0BC7-4CC9-9CA1-79A884408F52}.AppStore|x64.ActiveCfg = Release|Any CPU
		{04E3E647-0BC7-4CC9-9CA1-79A884408F52}.AppStore|x64.Build.0 = Release|Any CPU
		{04E3E647-0BC7-4CC9-9CA1-79A884408F52}.AppStore|x64.Deploy.0 = Release|Any CPU
		{04E3E647-0BC7-4CC9-9CA1-79A884408F52}.AppStore|x86.ActiveCfg = Release|Any CPU
		{04E3E647-0BC7-4CC9-9CA1-79A884408F52}.AppStore|x86.Build.0 = Release|Any CPU
		{04E3E647-0BC7-4CC9-9CA1-79A884408F52}.AppStore|x86.Deploy.0 = Release|Any CPU
		{04E3E647-0BC7-4CC9-9CA1-79A884408F52}.Debug|Any CPU.ActiveCfg = Debug|Any CPU
		{04E3E647-0BC7-4CC9-9CA1-79A884408F52}.Debug|Any CPU.Build.0 = Debug|Any CPU
		{04E3E647-0BC7-4CC9-9CA1-79A884408F52}.Debug|Any CPU.Deploy.0 = Debug|Any CPU
		{04E3E647-0BC7-4CC9-9CA1-79A884408F52}.Debug|ARM.ActiveCfg = Debug|Any CPU
		{04E3E647-0BC7-4CC9-9CA1-79A884408F52}.Debug|ARM.Build.0 = Debug|Any CPU
		{04E3E647-0BC7-4CC9-9CA1-79A884408F52}.Debug|ARM.Deploy.0 = Debug|Any CPU
		{04E3E647-0BC7-4CC9-9CA1-79A884408F52}.Debug|iPhone.ActiveCfg = Debug|Any CPU
		{04E3E647-0BC7-4CC9-9CA1-79A884408F52}.Debug|iPhone.Build.0 = Debug|Any CPU
		{04E3E647-0BC7-4CC9-9CA1-79A884408F52}.Debug|iPhone.Deploy.0 = Debug|Any CPU
		{04E3E647-0BC7-4CC9-9CA1-79A884408F52}.Debug|iPhoneSimulator.ActiveCfg = Debug|Any CPU
		{04E3E647-0BC7-4CC9-9CA1-79A884408F52}.Debug|iPhoneSimulator.Build.0 = Debug|Any CPU
		{04E3E647-0BC7-4CC9-9CA1-79A884408F52}.Debug|iPhoneSimulator.Deploy.0 = Debug|Any CPU
		{04E3E647-0BC7-4CC9-9CA1-79A884408F52}.Debug|x64.ActiveCfg = Debug|Any CPU
		{04E3E647-0BC7-4CC9-9CA1-79A884408F52}.Debug|x64.Build.0 = Debug|Any CPU
		{04E3E647-0BC7-4CC9-9CA1-79A884408F52}.Debug|x64.Deploy.0 = Debug|Any CPU
		{04E3E647-0BC7-4CC9-9CA1-79A884408F52}.Debug|x86.ActiveCfg = Debug|Any CPU
		{04E3E647-0BC7-4CC9-9CA1-79A884408F52}.Debug|x86.Build.0 = Debug|Any CPU
		{04E3E647-0BC7-4CC9-9CA1-79A884408F52}.Debug|x86.Deploy.0 = Debug|Any CPU
		{04E3E647-0BC7-4CC9-9CA1-79A884408F52}.Release|Any CPU.ActiveCfg = Release|Any CPU
		{04E3E647-0BC7-4CC9-9CA1-79A884408F52}.Release|Any CPU.Build.0 = Release|Any CPU
		{04E3E647-0BC7-4CC9-9CA1-79A884408F52}.Release|Any CPU.Deploy.0 = Release|Any CPU
		{04E3E647-0BC7-4CC9-9CA1-79A884408F52}.Release|ARM.ActiveCfg = Release|Any CPU
		{04E3E647-0BC7-4CC9-9CA1-79A884408F52}.Release|ARM.Build.0 = Release|Any CPU
		{04E3E647-0BC7-4CC9-9CA1-79A884408F52}.Release|ARM.Deploy.0 = Release|Any CPU
		{04E3E647-0BC7-4CC9-9CA1-79A884408F52}.Release|iPhone.ActiveCfg = Release|Any CPU
		{04E3E647-0BC7-4CC9-9CA1-79A884408F52}.Release|iPhone.Build.0 = Release|Any CPU
		{04E3E647-0BC7-4CC9-9CA1-79A884408F52}.Release|iPhone.Deploy.0 = Release|Any CPU
		{04E3E647-0BC7-4CC9-9CA1-79A884408F52}.Release|iPhoneSimulator.ActiveCfg = Release|Any CPU
		{04E3E647-0BC7-4CC9-9CA1-79A884408F52}.Release|iPhoneSimulator.Build.0 = Release|Any CPU
		{04E3E647-0BC7-4CC9-9CA1-79A884408F52}.Release|iPhoneSimulator.Deploy.0 = Release|Any CPU
		{04E3E647-0BC7-4CC9-9CA1-79A884408F52}.Release|x64.ActiveCfg = Release|Any CPU
		{04E3E647-0BC7-4CC9-9CA1-79A884408F52}.Release|x64.Build.0 = Release|Any CPU
		{04E3E647-0BC7-4CC9-9CA1-79A884408F52}.Release|x64.Deploy.0 = Release|Any CPU
		{04E3E647-0BC7-4CC9-9CA1-79A884408F52}.Release|x86.ActiveCfg = Release|Any CPU
		{04E3E647-0BC7-4CC9-9CA1-79A884408F52}.Release|x86.Build.0 = Release|Any CPU
		{04E3E647-0BC7-4CC9-9CA1-79A884408F52}.Release|x86.Deploy.0 = Release|Any CPU
		{87038CAC-AA01-43B1-8460-4CEB890FD388}.Ad-Hoc|Any CPU.ActiveCfg = Ad-Hoc|iPhone
		{87038CAC-AA01-43B1-8460-4CEB890FD388}.Ad-Hoc|ARM.ActiveCfg = Ad-Hoc|iPhone
		{87038CAC-AA01-43B1-8460-4CEB890FD388}.Ad-Hoc|iPhone.ActiveCfg = Ad-Hoc|iPhone
		{87038CAC-AA01-43B1-8460-4CEB890FD388}.Ad-Hoc|iPhone.Build.0 = Ad-Hoc|iPhone
		{87038CAC-AA01-43B1-8460-4CEB890FD388}.Ad-Hoc|iPhoneSimulator.ActiveCfg = Ad-Hoc|iPhoneSimulator
		{87038CAC-AA01-43B1-8460-4CEB890FD388}.Ad-Hoc|iPhoneSimulator.Build.0 = Ad-Hoc|iPhoneSimulator
		{87038CAC-AA01-43B1-8460-4CEB890FD388}.Ad-Hoc|x64.ActiveCfg = Ad-Hoc|iPhone
		{87038CAC-AA01-43B1-8460-4CEB890FD388}.Ad-Hoc|x86.ActiveCfg = Ad-Hoc|iPhone
		{87038CAC-AA01-43B1-8460-4CEB890FD388}.AppStore|Any CPU.ActiveCfg = AppStore|iPhone
		{87038CAC-AA01-43B1-8460-4CEB890FD388}.AppStore|ARM.ActiveCfg = AppStore|iPhone
		{87038CAC-AA01-43B1-8460-4CEB890FD388}.AppStore|iPhone.ActiveCfg = AppStore|iPhone
		{87038CAC-AA01-43B1-8460-4CEB890FD388}.AppStore|iPhone.Build.0 = AppStore|iPhone
		{87038CAC-AA01-43B1-8460-4CEB890FD388}.AppStore|iPhoneSimulator.ActiveCfg = AppStore|iPhoneSimulator
		{87038CAC-AA01-43B1-8460-4CEB890FD388}.AppStore|iPhoneSimulator.Build.0 = AppStore|iPhoneSimulator
		{87038CAC-AA01-43B1-8460-4CEB890FD388}.AppStore|x64.ActiveCfg = AppStore|iPhone
		{87038CAC-AA01-43B1-8460-4CEB890FD388}.AppStore|x86.ActiveCfg = AppStore|iPhone
		{87038CAC-AA01-43B1-8460-4CEB890FD388}.Debug|Any CPU.ActiveCfg = Debug|iPhone
		{87038CAC-AA01-43B1-8460-4CEB890FD388}.Debug|ARM.ActiveCfg = Debug|iPhone
		{87038CAC-AA01-43B1-8460-4CEB890FD388}.Debug|iPhone.ActiveCfg = Debug|iPhone
		{87038CAC-AA01-43B1-8460-4CEB890FD388}.Debug|iPhone.Build.0 = Debug|iPhone
		{87038CAC-AA01-43B1-8460-4CEB890FD388}.Debug|iPhoneSimulator.ActiveCfg = Debug|iPhoneSimulator
		{87038CAC-AA01-43B1-8460-4CEB890FD388}.Debug|iPhoneSimulator.Build.0 = Debug|iPhoneSimulator
		{87038CAC-AA01-43B1-8460-4CEB890FD388}.Debug|x64.ActiveCfg = Debug|iPhone
		{87038CAC-AA01-43B1-8460-4CEB890FD388}.Debug|x86.ActiveCfg = Debug|iPhone
		{87038CAC-AA01-43B1-8460-4CEB890FD388}.Release|Any CPU.ActiveCfg = Release|iPhone
		{87038CAC-AA01-43B1-8460-4CEB890FD388}.Release|ARM.ActiveCfg = Release|iPhone
		{87038CAC-AA01-43B1-8460-4CEB890FD388}.Release|iPhone.ActiveCfg = Release|iPhone
		{87038CAC-AA01-43B1-8460-4CEB890FD388}.Release|iPhone.Build.0 = Release|iPhone
		{87038CAC-AA01-43B1-8460-4CEB890FD388}.Release|iPhoneSimulator.ActiveCfg = Release|iPhoneSimulator
		{87038CAC-AA01-43B1-8460-4CEB890FD388}.Release|iPhoneSimulator.Build.0 = Release|iPhoneSimulator
		{87038CAC-AA01-43B1-8460-4CEB890FD388}.Release|x64.ActiveCfg = Release|iPhone
		{87038CAC-AA01-43B1-8460-4CEB890FD388}.Release|x86.ActiveCfg = Release|iPhone
		{2C04CE09-0ED4-4C35-8506-AE721208A62C}.Ad-Hoc|Any CPU.ActiveCfg = Release|Any CPU
		{2C04CE09-0ED4-4C35-8506-AE721208A62C}.Ad-Hoc|Any CPU.Build.0 = Release|Any CPU
		{2C04CE09-0ED4-4C35-8506-AE721208A62C}.Ad-Hoc|Any CPU.Deploy.0 = Release|Any CPU
		{2C04CE09-0ED4-4C35-8506-AE721208A62C}.Ad-Hoc|ARM.ActiveCfg = Release|ARM
		{2C04CE09-0ED4-4C35-8506-AE721208A62C}.Ad-Hoc|ARM.Build.0 = Release|ARM
		{2C04CE09-0ED4-4C35-8506-AE721208A62C}.Ad-Hoc|ARM.Deploy.0 = Release|ARM
		{2C04CE09-0ED4-4C35-8506-AE721208A62C}.Ad-Hoc|iPhone.ActiveCfg = Release|Any CPU
		{2C04CE09-0ED4-4C35-8506-AE721208A62C}.Ad-Hoc|iPhone.Build.0 = Release|Any CPU
		{2C04CE09-0ED4-4C35-8506-AE721208A62C}.Ad-Hoc|iPhone.Deploy.0 = Release|Any CPU
		{2C04CE09-0ED4-4C35-8506-AE721208A62C}.Ad-Hoc|iPhoneSimulator.ActiveCfg = Release|Any CPU
		{2C04CE09-0ED4-4C35-8506-AE721208A62C}.Ad-Hoc|iPhoneSimulator.Build.0 = Release|Any CPU
		{2C04CE09-0ED4-4C35-8506-AE721208A62C}.Ad-Hoc|iPhoneSimulator.Deploy.0 = Release|Any CPU
		{2C04CE09-0ED4-4C35-8506-AE721208A62C}.Ad-Hoc|x64.ActiveCfg = Release|Any CPU
		{2C04CE09-0ED4-4C35-8506-AE721208A62C}.Ad-Hoc|x64.Build.0 = Release|Any CPU
		{2C04CE09-0ED4-4C35-8506-AE721208A62C}.Ad-Hoc|x64.Deploy.0 = Release|Any CPU
		{2C04CE09-0ED4-4C35-8506-AE721208A62C}.Ad-Hoc|x86.ActiveCfg = Release|x86
		{2C04CE09-0ED4-4C35-8506-AE721208A62C}.Ad-Hoc|x86.Build.0 = Release|x86
		{2C04CE09-0ED4-4C35-8506-AE721208A62C}.Ad-Hoc|x86.Deploy.0 = Release|x86
		{2C04CE09-0ED4-4C35-8506-AE721208A62C}.AppStore|Any CPU.ActiveCfg = Release|Any CPU
		{2C04CE09-0ED4-4C35-8506-AE721208A62C}.AppStore|Any CPU.Build.0 = Release|Any CPU
		{2C04CE09-0ED4-4C35-8506-AE721208A62C}.AppStore|Any CPU.Deploy.0 = Release|Any CPU
		{2C04CE09-0ED4-4C35-8506-AE721208A62C}.AppStore|ARM.ActiveCfg = Release|ARM
		{2C04CE09-0ED4-4C35-8506-AE721208A62C}.AppStore|ARM.Build.0 = Release|ARM
		{2C04CE09-0ED4-4C35-8506-AE721208A62C}.AppStore|ARM.Deploy.0 = Release|ARM
		{2C04CE09-0ED4-4C35-8506-AE721208A62C}.AppStore|iPhone.ActiveCfg = Release|Any CPU
		{2C04CE09-0ED4-4C35-8506-AE721208A62C}.AppStore|iPhone.Build.0 = Release|Any CPU
		{2C04CE09-0ED4-4C35-8506-AE721208A62C}.AppStore|iPhone.Deploy.0 = Release|Any CPU
		{2C04CE09-0ED4-4C35-8506-AE721208A62C}.AppStore|iPhoneSimulator.ActiveCfg = Release|Any CPU
		{2C04CE09-0ED4-4C35-8506-AE721208A62C}.AppStore|iPhoneSimulator.Build.0 = Release|Any CPU
		{2C04CE09-0ED4-4C35-8506-AE721208A62C}.AppStore|iPhoneSimulator.Deploy.0 = Release|Any CPU
		{2C04CE09-0ED4-4C35-8506-AE721208A62C}.AppStore|x64.ActiveCfg = Release|Any CPU
		{2C04CE09-0ED4-4C35-8506-AE721208A62C}.AppStore|x64.Build.0 = Release|Any CPU
		{2C04CE09-0ED4-4C35-8506-AE721208A62C}.AppStore|x64.Deploy.0 = Release|Any CPU
		{2C04CE09-0ED4-4C35-8506-AE721208A62C}.AppStore|x86.ActiveCfg = Release|x86
		{2C04CE09-0ED4-4C35-8506-AE721208A62C}.AppStore|x86.Build.0 = Release|x86
		{2C04CE09-0ED4-4C35-8506-AE721208A62C}.AppStore|x86.Deploy.0 = Release|x86
		{2C04CE09-0ED4-4C35-8506-AE721208A62C}.Debug|Any CPU.ActiveCfg = Debug|Any CPU
		{2C04CE09-0ED4-4C35-8506-AE721208A62C}.Debug|Any CPU.Build.0 = Debug|Any CPU
		{2C04CE09-0ED4-4C35-8506-AE721208A62C}.Debug|Any CPU.Deploy.0 = Debug|Any CPU
		{2C04CE09-0ED4-4C35-8506-AE721208A62C}.Debug|ARM.ActiveCfg = Debug|ARM
		{2C04CE09-0ED4-4C35-8506-AE721208A62C}.Debug|ARM.Build.0 = Debug|ARM
		{2C04CE09-0ED4-4C35-8506-AE721208A62C}.Debug|ARM.Deploy.0 = Debug|ARM
		{2C04CE09-0ED4-4C35-8506-AE721208A62C}.Debug|iPhone.ActiveCfg = Debug|Any CPU
		{2C04CE09-0ED4-4C35-8506-AE721208A62C}.Debug|iPhone.Build.0 = Debug|Any CPU
		{2C04CE09-0ED4-4C35-8506-AE721208A62C}.Debug|iPhone.Deploy.0 = Debug|Any CPU
		{2C04CE09-0ED4-4C35-8506-AE721208A62C}.Debug|iPhoneSimulator.ActiveCfg = Debug|Any CPU
		{2C04CE09-0ED4-4C35-8506-AE721208A62C}.Debug|iPhoneSimulator.Build.0 = Debug|Any CPU
		{2C04CE09-0ED4-4C35-8506-AE721208A62C}.Debug|iPhoneSimulator.Deploy.0 = Debug|Any CPU
		{2C04CE09-0ED4-4C35-8506-AE721208A62C}.Debug|x64.ActiveCfg = Debug|Any CPU
		{2C04CE09-0ED4-4C35-8506-AE721208A62C}.Debug|x64.Build.0 = Debug|Any CPU
		{2C04CE09-0ED4-4C35-8506-AE721208A62C}.Debug|x64.Deploy.0 = Debug|Any CPU
		{2C04CE09-0ED4-4C35-8506-AE721208A62C}.Debug|x86.ActiveCfg = Debug|x86
		{2C04CE09-0ED4-4C35-8506-AE721208A62C}.Debug|x86.Build.0 = Debug|x86
		{2C04CE09-0ED4-4C35-8506-AE721208A62C}.Debug|x86.Deploy.0 = Debug|x86
		{2C04CE09-0ED4-4C35-8506-AE721208A62C}.Release|Any CPU.ActiveCfg = Release|Any CPU
		{2C04CE09-0ED4-4C35-8506-AE721208A62C}.Release|Any CPU.Build.0 = Release|Any CPU
		{2C04CE09-0ED4-4C35-8506-AE721208A62C}.Release|Any CPU.Deploy.0 = Release|Any CPU
		{2C04CE09-0ED4-4C35-8506-AE721208A62C}.Release|ARM.ActiveCfg = Release|ARM
		{2C04CE09-0ED4-4C35-8506-AE721208A62C}.Release|ARM.Build.0 = Release|ARM
		{2C04CE09-0ED4-4C35-8506-AE721208A62C}.Release|ARM.Deploy.0 = Release|ARM
		{2C04CE09-0ED4-4C35-8506-AE721208A62C}.Release|iPhone.ActiveCfg = Release|Any CPU
		{2C04CE09-0ED4-4C35-8506-AE721208A62C}.Release|iPhone.Build.0 = Release|Any CPU
		{2C04CE09-0ED4-4C35-8506-AE721208A62C}.Release|iPhone.Deploy.0 = Release|Any CPU
		{2C04CE09-0ED4-4C35-8506-AE721208A62C}.Release|iPhoneSimulator.ActiveCfg = Release|Any CPU
		{2C04CE09-0ED4-4C35-8506-AE721208A62C}.Release|iPhoneSimulator.Build.0 = Release|Any CPU
		{2C04CE09-0ED4-4C35-8506-AE721208A62C}.Release|iPhoneSimulator.Deploy.0 = Release|Any CPU
		{2C04CE09-0ED4-4C35-8506-AE721208A62C}.Release|x64.ActiveCfg = Release|Any CPU
		{2C04CE09-0ED4-4C35-8506-AE721208A62C}.Release|x64.Build.0 = Release|Any CPU
		{2C04CE09-0ED4-4C35-8506-AE721208A62C}.Release|x64.Deploy.0 = Release|Any CPU
		{2C04CE09-0ED4-4C35-8506-AE721208A62C}.Release|x86.ActiveCfg = Release|x86
		{2C04CE09-0ED4-4C35-8506-AE721208A62C}.Release|x86.Build.0 = Release|x86
		{2C04CE09-0ED4-4C35-8506-AE721208A62C}.Release|x86.Deploy.0 = Release|x86
		{43325ACE-63B4-42CA-9E79-FFB84FFDDAAD}.Ad-Hoc|Any CPU.ActiveCfg = Release|Any CPU
		{43325ACE-63B4-42CA-9E79-FFB84FFDDAAD}.Ad-Hoc|Any CPU.Build.0 = Release|Any CPU
		{43325ACE-63B4-42CA-9E79-FFB84FFDDAAD}.Ad-Hoc|Any CPU.Deploy.0 = Release|Any CPU
		{43325ACE-63B4-42CA-9E79-FFB84FFDDAAD}.Ad-Hoc|ARM.ActiveCfg = Release|ARM
		{43325ACE-63B4-42CA-9E79-FFB84FFDDAAD}.Ad-Hoc|ARM.Build.0 = Release|ARM
		{43325ACE-63B4-42CA-9E79-FFB84FFDDAAD}.Ad-Hoc|ARM.Deploy.0 = Release|ARM
		{43325ACE-63B4-42CA-9E79-FFB84FFDDAAD}.Ad-Hoc|iPhone.ActiveCfg = Release|Any CPU
		{43325ACE-63B4-42CA-9E79-FFB84FFDDAAD}.Ad-Hoc|iPhone.Build.0 = Release|Any CPU
		{43325ACE-63B4-42CA-9E79-FFB84FFDDAAD}.Ad-Hoc|iPhone.Deploy.0 = Release|Any CPU
		{43325ACE-63B4-42CA-9E79-FFB84FFDDAAD}.Ad-Hoc|iPhoneSimulator.ActiveCfg = Release|Any CPU
		{43325ACE-63B4-42CA-9E79-FFB84FFDDAAD}.Ad-Hoc|iPhoneSimulator.Build.0 = Release|Any CPU
		{43325ACE-63B4-42CA-9E79-FFB84FFDDAAD}.Ad-Hoc|iPhoneSimulator.Deploy.0 = Release|Any CPU
		{43325ACE-63B4-42CA-9E79-FFB84FFDDAAD}.Ad-Hoc|x64.ActiveCfg = Release|x64
		{43325ACE-63B4-42CA-9E79-FFB84FFDDAAD}.Ad-Hoc|x64.Build.0 = Release|x64
		{43325ACE-63B4-42CA-9E79-FFB84FFDDAAD}.Ad-Hoc|x64.Deploy.0 = Release|x64
		{43325ACE-63B4-42CA-9E79-FFB84FFDDAAD}.Ad-Hoc|x86.ActiveCfg = Release|x86
		{43325ACE-63B4-42CA-9E79-FFB84FFDDAAD}.Ad-Hoc|x86.Build.0 = Release|x86
		{43325ACE-63B4-42CA-9E79-FFB84FFDDAAD}.Ad-Hoc|x86.Deploy.0 = Release|x86
		{43325ACE-63B4-42CA-9E79-FFB84FFDDAAD}.AppStore|Any CPU.ActiveCfg = Release|Any CPU
		{43325ACE-63B4-42CA-9E79-FFB84FFDDAAD}.AppStore|Any CPU.Build.0 = Release|Any CPU
		{43325ACE-63B4-42CA-9E79-FFB84FFDDAAD}.AppStore|Any CPU.Deploy.0 = Release|Any CPU
		{43325ACE-63B4-42CA-9E79-FFB84FFDDAAD}.AppStore|ARM.ActiveCfg = Release|ARM
		{43325ACE-63B4-42CA-9E79-FFB84FFDDAAD}.AppStore|ARM.Build.0 = Release|ARM
		{43325ACE-63B4-42CA-9E79-FFB84FFDDAAD}.AppStore|ARM.Deploy.0 = Release|ARM
		{43325ACE-63B4-42CA-9E79-FFB84FFDDAAD}.AppStore|iPhone.ActiveCfg = Release|Any CPU
		{43325ACE-63B4-42CA-9E79-FFB84FFDDAAD}.AppStore|iPhone.Build.0 = Release|Any CPU
		{43325ACE-63B4-42CA-9E79-FFB84FFDDAAD}.AppStore|iPhone.Deploy.0 = Release|Any CPU
		{43325ACE-63B4-42CA-9E79-FFB84FFDDAAD}.AppStore|iPhoneSimulator.ActiveCfg = Release|Any CPU
		{43325ACE-63B4-42CA-9E79-FFB84FFDDAAD}.AppStore|iPhoneSimulator.Build.0 = Release|Any CPU
		{43325ACE-63B4-42CA-9E79-FFB84FFDDAAD}.AppStore|iPhoneSimulator.Deploy.0 = Release|Any CPU
		{43325ACE-63B4-42CA-9E79-FFB84FFDDAAD}.AppStore|x64.ActiveCfg = Release|x64
		{43325ACE-63B4-42CA-9E79-FFB84FFDDAAD}.AppStore|x64.Build.0 = Release|x64
		{43325ACE-63B4-42CA-9E79-FFB84FFDDAAD}.AppStore|x64.Deploy.0 = Release|x64
		{43325ACE-63B4-42CA-9E79-FFB84FFDDAAD}.AppStore|x86.ActiveCfg = Release|x86
		{43325ACE-63B4-42CA-9E79-FFB84FFDDAAD}.AppStore|x86.Build.0 = Release|x86
		{43325ACE-63B4-42CA-9E79-FFB84FFDDAAD}.AppStore|x86.Deploy.0 = Release|x86
		{43325ACE-63B4-42CA-9E79-FFB84FFDDAAD}.Debug|Any CPU.ActiveCfg = Debug|Any CPU
		{43325ACE-63B4-42CA-9E79-FFB84FFDDAAD}.Debug|Any CPU.Build.0 = Debug|Any CPU
		{43325ACE-63B4-42CA-9E79-FFB84FFDDAAD}.Debug|Any CPU.Deploy.0 = Debug|Any CPU
		{43325ACE-63B4-42CA-9E79-FFB84FFDDAAD}.Debug|ARM.ActiveCfg = Debug|ARM
		{43325ACE-63B4-42CA-9E79-FFB84FFDDAAD}.Debug|ARM.Build.0 = Debug|ARM
		{43325ACE-63B4-42CA-9E79-FFB84FFDDAAD}.Debug|ARM.Deploy.0 = Debug|ARM
		{43325ACE-63B4-42CA-9E79-FFB84FFDDAAD}.Debug|iPhone.ActiveCfg = Debug|Any CPU
		{43325ACE-63B4-42CA-9E79-FFB84FFDDAAD}.Debug|iPhone.Build.0 = Debug|Any CPU
		{43325ACE-63B4-42CA-9E79-FFB84FFDDAAD}.Debug|iPhone.Deploy.0 = Debug|Any CPU
		{43325ACE-63B4-42CA-9E79-FFB84FFDDAAD}.Debug|iPhoneSimulator.ActiveCfg = Debug|Any CPU
		{43325ACE-63B4-42CA-9E79-FFB84FFDDAAD}.Debug|iPhoneSimulator.Build.0 = Debug|Any CPU
		{43325ACE-63B4-42CA-9E79-FFB84FFDDAAD}.Debug|iPhoneSimulator.Deploy.0 = Debug|Any CPU
		{43325ACE-63B4-42CA-9E79-FFB84FFDDAAD}.Debug|x64.ActiveCfg = Debug|x64
		{43325ACE-63B4-42CA-9E79-FFB84FFDDAAD}.Debug|x64.Build.0 = Debug|x64
		{43325ACE-63B4-42CA-9E79-FFB84FFDDAAD}.Debug|x64.Deploy.0 = Debug|x64
		{43325ACE-63B4-42CA-9E79-FFB84FFDDAAD}.Debug|x86.ActiveCfg = Debug|x86
		{43325ACE-63B4-42CA-9E79-FFB84FFDDAAD}.Debug|x86.Build.0 = Debug|x86
		{43325ACE-63B4-42CA-9E79-FFB84FFDDAAD}.Debug|x86.Deploy.0 = Debug|x86
		{43325ACE-63B4-42CA-9E79-FFB84FFDDAAD}.Release|Any CPU.ActiveCfg = Release|Any CPU
		{43325ACE-63B4-42CA-9E79-FFB84FFDDAAD}.Release|Any CPU.Build.0 = Release|Any CPU
		{43325ACE-63B4-42CA-9E79-FFB84FFDDAAD}.Release|Any CPU.Deploy.0 = Release|Any CPU
		{43325ACE-63B4-42CA-9E79-FFB84FFDDAAD}.Release|ARM.ActiveCfg = Release|ARM
		{43325ACE-63B4-42CA-9E79-FFB84FFDDAAD}.Release|ARM.Build.0 = Release|ARM
		{43325ACE-63B4-42CA-9E79-FFB84FFDDAAD}.Release|ARM.Deploy.0 = Release|ARM
		{43325ACE-63B4-42CA-9E79-FFB84FFDDAAD}.Release|iPhone.ActiveCfg = Release|Any CPU
		{43325ACE-63B4-42CA-9E79-FFB84FFDDAAD}.Release|iPhone.Build.0 = Release|Any CPU
		{43325ACE-63B4-42CA-9E79-FFB84FFDDAAD}.Release|iPhone.Deploy.0 = Release|Any CPU
		{43325ACE-63B4-42CA-9E79-FFB84FFDDAAD}.Release|iPhoneSimulator.ActiveCfg = Release|Any CPU
		{43325ACE-63B4-42CA-9E79-FFB84FFDDAAD}.Release|iPhoneSimulator.Build.0 = Release|Any CPU
		{43325ACE-63B4-42CA-9E79-FFB84FFDDAAD}.Release|iPhoneSimulator.Deploy.0 = Release|Any CPU
		{43325ACE-63B4-42CA-9E79-FFB84FFDDAAD}.Release|x64.ActiveCfg = Release|x64
		{43325ACE-63B4-42CA-9E79-FFB84FFDDAAD}.Release|x64.Build.0 = Release|x64
		{43325ACE-63B4-42CA-9E79-FFB84FFDDAAD}.Release|x64.Deploy.0 = Release|x64
		{43325ACE-63B4-42CA-9E79-FFB84FFDDAAD}.Release|x86.ActiveCfg = Release|x86
		{43325ACE-63B4-42CA-9E79-FFB84FFDDAAD}.Release|x86.Build.0 = Release|x86
		{43325ACE-63B4-42CA-9E79-FFB84FFDDAAD}.Release|x86.Deploy.0 = Release|x86
	EndGlobalSection
	GlobalSection(SolutionProperties) = preSolution
		HideSolutionNode = FALSE
	EndGlobalSection
EndGlobal
